
Microsoft Visual Studio Solution File, Format Version 12.00
# Visual Studio Version 17
VisualStudioVersion = 17.4.33213.308
MinimumVisualStudioVersion = 10.0.40219.1
Project("{FAE04EC0-301F-11D3-BF4B-00C04F79EFBC}") = "RedTest", "RedTest.csproj", "{6562966C-2967-4F17-8214-B39FF01F2343}"
EndProject
Project("{FAE04EC0-301F-11D3-BF4B-00C04F79EFBC}") = "RedTest.UnitTests", "..\RedTest.UnitTests\RedTest.UnitTests.csproj", "{5ED33CC1-043C-47DB-B065-975062646F0C}"
EndProject
Global
	GlobalSection(SolutionConfigurationPlatforms) = preSolution
		Debug|Any CPU = Debug|Any CPU
		Release|Any CPU = Release|Any CPU
	EndGlobalSection
	GlobalSection(ProjectConfigurationPlatforms) = postSolution
		{6562966C-2967-4F17-8214-B39FF01F2343}.Debug|Any CPU.ActiveCfg = Debug|Any CPU
		{6562966C-2967-4F17-8214-B39FF01F2343}.Debug|Any CPU.Build.0 = Debug|Any CPU
		{6562966C-2967-4F17-8214-B39FF01F2343}.Release|Any CPU.ActiveCfg = Release|Any CPU
		{6562966C-2967-4F17-8214-B39FF01F2343}.Release|Any CPU.Build.0 = Release|Any CPU
		{5ED33CC1-043C-47DB-B065-975062646F0C}.Debug|Any CPU.ActiveCfg = Debug|Any CPU
		{5ED33CC1-043C-47DB-B065-975062646F0C}.Debug|Any CPU.Build.0 = Debug|Any CPU
		{5ED33CC1-043C-47DB-B065-975062646F0C}.Release|Any CPU.ActiveCfg = Release|Any CPU
		{5ED33CC1-043C-47DB-B065-975062646F0C}.Release|Any CPU.Build.0 = Release|Any CPU
	EndGlobalSection
	GlobalSection(SolutionProperties) = preSolution
		HideSolutionNode = FALSE
	EndGlobalSection
	GlobalSection(ExtensibilityGlobals) = postSolution
		SolutionGuid = {2F69D443-37A3-4343-95C4-A5C56143011A}
	EndGlobalSection
EndGlobal
